
Microsoft Visual Studio Solution File, Format Version 12.00
Project("{FAE04EC0-301F-11D3-BF4B-00C04F79EFBC}") = "T-PortBackend", "T-PortBackend.csproj", "{5733F427-DFB8-49E5-9709-A2C3E6FB0F7D}"
EndProject
Global
	GlobalSection(SolutionConfigurationPlatforms) = preSolution
		Debug|Any CPU = Debug|Any CPU
		Release|Any CPU = Release|Any CPU
	EndGlobalSection
	GlobalSection(ProjectConfigurationPlatforms) = postSolution
		{5733F427-DFB8-49E5-9709-A2C3E6FB0F7D}.Debug|Any CPU.ActiveCfg = Debug|Any CPU
		{5733F427-DFB8-49E5-9709-A2C3E6FB0F7D}.Debug|Any CPU.Build.0 = Debug|Any CPU
		{5733F427-DFB8-49E5-9709-A2C3E6FB0F7D}.Release|Any CPU.ActiveCfg = Release|Any CPU
		{5733F427-DFB8-49E5-9709-A2C3E6FB0F7D}.Release|Any CPU.Build.0 = Release|Any CPU
	EndGlobalSection
EndGlobal
